{
    "_readme": [
        "This file locks the dependencies of your project to a known state",
        "Read more about it at http://getcomposer.org/doc/01-basic-usage.md#composer-lock-the-lock-file",
        "This file is @generated automatically"
    ],
    "hash": "3ced020d777ed319f05f0ac0be86f446",
    "packages": [
        {
            "name": "illuminate/support",
            "version": "4.2.x-dev",
            "target-dir": "Illuminate/Support",
            "source": {
                "type": "git",
                "url": "https://github.com/illuminate/support.git",
                "reference": "4831699d6bcddd766e3cebbd8279976854d37027"
            },
            "dist": {
                "type": "zip",
                "url": "https://api.github.com/repos/illuminate/support/zipball/4831699d6bcddd766e3cebbd8279976854d37027",
                "reference": "4831699d6bcddd766e3cebbd8279976854d37027",
                "shasum": ""
            },
            "require": {
                "php": ">=5.4.0"
            },
            "require-dev": {
                "jeremeamia/superclosure": "~1.0.1",
                "patchwork/utf8": "1.1.*"
            },
            "type": "library",
            "extra": {
                "branch-alias": {
                    "dev-master": "4.2-dev"
                }
            },
            "autoload": {
                "psr-0": {
                    "Illuminate\\Support": ""
                },
                "files": [
                    "Illuminate/Support/helpers.php"
                ]
            },
            "notification-url": "https://packagist.org/downloads/",
            "license": [
                "MIT"
            ],
            "authors": [
                {
                    "name": "Taylor Otwell",
                    "email": "taylorotwell@gmail.com"
                }
            ],
            "time": "2014-09-27 01:17:10"
        },
        {
            "name": "intervention/image",
            "version": "1.6.x-dev",
            "source": {
                "type": "git",
                "url": "https://github.com/Intervention/image.git",
                "reference": "432f3b28ea08455146b157c6bfdebf4ef5bc661e"
            },
            "dist": {
                "type": "zip",
                "url": "https://api.github.com/repos/Intervention/image/zipball/432f3b28ea08455146b157c6bfdebf4ef5bc661e",
                "reference": "432f3b28ea08455146b157c6bfdebf4ef5bc661e",
                "shasum": ""
            },
            "require": {
                "ext-gd": "*",
                "illuminate/support": "4.*",
                "php": ">=5.3.0"
            },
            "require-dev": {
                "phpunit/phpunit": "4.1.*"
            },
            "suggest": {
                "intervention/imagecache": "Caching extension for the Intervention Image library"
            },
            "type": "library",
            "autoload": {
                "psr-0": {
                    "Intervention\\Image": "src/"
                }
            },
            "notification-url": "https://packagist.org/downloads/",
            "license": [
                "MIT"
            ],
            "authors": [
                {
                    "name": "Oliver Vogel",
                    "email": "oliver@olivervogel.net",
                    "homepage": "http://olivervogel.net/"
                }
            ],
            "description": "Image handling and manipulation library with support for Laravel 4 integration",
            "homepage": "http://image.intervention.io/",
            "keywords": [
                "gd",
                "image",
                "laravel",
                "thumbnail",
                "watermark"
            ],
            "time": "2014-06-07 16:25:27"
        },
        {
            "name": "joelvardy/cache",
            "version": "dev-master",
            "source": {
                "type": "git",
                "url": "https://github.com/joelvardy/cache.git",
                "reference": "673635aa1f96e30acad907a94278a9e17afc8b9b"
            },
            "dist": {
                "type": "zip",
                "url": "https://api.github.com/repos/joelvardy/cache/zipball/673635aa1f96e30acad907a94278a9e17afc8b9b",
                "reference": "673635aa1f96e30acad907a94278a9e17afc8b9b",
                "shasum": ""
            },
            "require": {
                "joelvardy/config": "dev-master",
                "php": ">=5.0.0"
            },
            "type": "library",
            "autoload": {
                "psr-0": {
                    "Joelvardy": "src"
                }
            },
            "notification-url": "https://packagist.org/downloads/",
            "license": [
                "MIT"
            ],
            "authors": [
                {
                    "name": "Joel Vardy",
                    "email": "info@joelvardy.com",
                    "homepage": "https://joelvardy.com",
                    "role": "Developer"
                }
            ],
            "description": "Database connection library.",
            "homepage": "https://github.com/joelvardy/cache",
            "keywords": [
                "cache",
                "caching",
                "memcached"
            ],
            "time": "2013-10-02 22:11:49"
        },
        {
            "name": "joelvardy/config",
            "version": "dev-master",
            "source": {
                "type": "git",
                "url": "https://github.com/joelvardy/config.git",
                "reference": "38679a3afda17ab62baf4fe829ee5f7f71922c11"
            },
            "dist": {
                "type": "zip",
                "url": "https://api.github.com/repos/joelvardy/config/zipball/38679a3afda17ab62baf4fe829ee5f7f71922c11",
                "reference": "38679a3afda17ab62baf4fe829ee5f7f71922c11",
                "shasum": ""
            },
            "require": {
                "php": ">=5.0.0"
            },
            "type": "library",
            "autoload": {
                "psr-0": {
                    "Joelvardy": "src"
                }
            },
            "notification-url": "https://packagist.org/downloads/",
            "license": [
                "MIT"
            ],
            "authors": [
                {
                    "name": "Joel Vardy",
                    "email": "info@joelvardy.com",
                    "homepage": "https://joelvardy.com",
                    "role": "Developer"
                }
            ],
            "description": "Application configuration library.",
            "homepage": "https://github.com/joelvardy/config",
            "keywords": [
                "config",
                "configuration"
            ],
            "time": "2013-10-02 22:08:31"
        },
        {
            "name": "joelvardy/routes",
            "version": "dev-master",
            "source": {
                "type": "git",
                "url": "https://github.com/joelvardy/routes.git",
                "reference": "75438f142db932cb9ecdf9e92e9034ee63a7a11d"
            },
            "dist": {
                "type": "zip",
                "url": "https://api.github.com/repos/joelvardy/routes/zipball/75438f142db932cb9ecdf9e92e9034ee63a7a11d",
                "reference": "75438f142db932cb9ecdf9e92e9034ee63a7a11d",
                "shasum": ""
            },
            "require": {
                "php": ">=5.0.0"
            },
            "type": "library",
            "autoload": {
                "psr-0": {
                    "Joelvardy": "src"
                }
            },
            "notification-url": "https://packagist.org/downloads/",
            "license": [
                "MIT"
            ],
            "authors": [
                {
                    "name": "Joel Vardy",
                    "email": "info@joelvardy.com",
                    "homepage": "http://joelvardy.com",
                    "role": "Developer"
                }
            ],
            "description": "Simple RESTful routing",
            "homepage": "https://github.com/joelvardy/routes",
            "keywords": [
                "rest",
                "restful",
                "route",
                "routing"
            ],
            "time": "2014-07-22 12:42:43"
        },
        {
            "name": "joelvardy/template",
            "version": "dev-master",
            "source": {
                "type": "git",
                "url": "https://github.com/joelvardy/template.git",
                "reference": "4a8a2b7ee24fece8a6f019e0a8d214b5f72a914a"
            },
            "dist": {
                "type": "zip",
                "url": "https://api.github.com/repos/joelvardy/template/zipball/4a8a2b7ee24fece8a6f019e0a8d214b5f72a914a",
                "reference": "4a8a2b7ee24fece8a6f019e0a8d214b5f72a914a",
                "shasum": ""
            },
            "require": {
                "joelvardy/config": "dev-master",
                "php": ">=5.0.0"
            },
            "type": "library",
            "autoload": {
                "psr-0": {
                    "Joelvardy": "src"
                }
            },
            "notification-url": "https://packagist.org/downloads/",
            "license": [
                "MIT"
            ],
            "authors": [
                {
                    "name": "Joel Vardy",
                    "email": "info@joelvardy.com",
                    "homepage": "https://joelvardy.com",
                    "role": "Developer"
                }
            ],
            "description": "Simple vanilla PHP templating library.",
            "homepage": "https://github.com/joelvardy/template",
            "keywords": [
                "template",
                "templating"
            ],
            "time": "2013-10-02 22:15:52"
        }
    ],
    "packages-dev": [],
    "aliases": [],
    "minimum-stability": "dev",
    "stability-flags": {
        "joelvardy/config": 20,
        "joelvardy/routes": 20,
        "joelvardy/template": 20,
        "joelvardy/cache": 20
    },
    "prefer-stable": false,
    "platform": [],
    "platform-dev": []
}
